// !$*UTF8*$!
{
	archiveVersion = 1;
	classes = {
	};
	objectVersion = 77;
	objects = {

/* Begin PBXBuildFile section */
		57450BB42DE7CE3C005CDBCA /* CoreBluetooth.framework in Frameworks */ = {isa = PBXBuildFile; fileRef = 57450BB32DE7CE3C005CDBCA /* CoreBluetooth.framework */; };
		57450BB62DE7CE51005CDBCA /* CoreLocation.framework in Frameworks */ = {isa = PBXBuildFile; fileRef = 57450BB52DE7CE51005CDBCA /* CoreLocation.framework */; };
		57450BB82DE7CE5F005CDBCA /* MapKit.framework in Frameworks */ = {isa = PBXBuildFile; fileRef = 57450BB72DE7CE5F005CDBCA /* MapKit.framework */; };
/* End PBXBuildFile section */

/* Begin PBXContainerItemProxy section */
		57450B942DE7C9CF005CDBCA /* PBXContainerItemProxy */ = {
			isa = PBXContainerItemProxy;
			containerPortal = 57450B7B2DE7C9CE005CDBCA /* Project object */;
			proxyType = 1;
			remoteGlobalIDString = 57450B822DE7C9CE005CDBCA;
			remoteInfo = bumpify;
		};
		57450B9E2DE7C9CF005CDBCA /* PBXContainerItemProxy */ = {
			isa = PBXContainerItemProxy;
			containerPortal = 57450B7B2DE7C9CE005CDBCA /* Project object */;
			proxyType = 1;
			remoteGlobalIDString = 57450B822DE7C9CE005CDBCA;
			remoteInfo = bumpify;
		};
/* End PBXContainerItemProxy section */

/* Begin PBXFileReference section */
		57450B832DE7C9CE005CDBCA /* bumpify.app */ = {isa = PBXFileReference; explicitFileType = wrapper.application; includeInIndex = 0; path = bumpify.app; sourceTree = BUILT_PRODUCTS_DIR; };
		57450B932DE7C9CF005CDBCA /* bumpifyTests.xctest */ = {isa = PBXFileReference; explicitFileType = wrapper.cfbundle; includeInIndex = 0; path = bumpifyTests.xctest; sourceTree = BUILT_PRODUCTS_DIR; };
		57450B9D2DE7C9CF005CDBCA /* bumpifyUITests.xctest */ = {isa = PBXFileReference; explicitFileType = wrapper.cfbundle; includeInIndex = 0; path = bumpifyUITests.xctest; sourceTree = BUILT_PRODUCTS_DIR; };
		57450BB32DE7CE3C005CDBCA /* CoreBluetooth.framework */ = {isa = PBXFileReference; lastKnownFileType = wrapper.framework; name = CoreBluetooth.framework; path = System/Library/Frameworks/CoreBluetooth.framework; sourceTree = SDKROOT; };
		57450BB52DE7CE51005CDBCA /* CoreLocation.framework */ = {isa = PBXFileReference; lastKnownFileType = wrapper.framework; name = CoreLocation.framework; path = System/Library/Frameworks/CoreLocation.framework; sourceTree = SDKROOT; };
		57450BB72DE7CE5F005CDBCA /* MapKit.framework */ = {isa = PBXFileReference; lastKnownFileType = wrapper.framework; name = MapKit.framework; path = System/Library/Frameworks/MapKit.framework; sourceTree = SDKROOT; };
/* End PBXFileReference section */

/* Begin PBXFileSystemSynchronizedBuildFileExceptionSet section */
		57450C5C2DE8AE7D005CDBCA /* Exceptions for "bumpify" folder in "bumpify" target */ = {
			isa = PBXFileSystemSynchronizedBuildFileExceptionSet;
			membershipExceptions = (
				BumpifyApp.swift,
				Components/BumpifyLogo.swift,
				Components/BusinessBumpCards.swift,
				Components/Buttons/BumpifyButton.swift,
				Components/Cards/FeatureCard.swift,
				Components/Forms/BumpifyTextField.swift,
				ContentView.swift,
				Models/AdditionalModels.swift,
				Models/BumpifyUser.swift,
				Models/BumpNotification.swift,
				Models/BusinessBump.swift,
				Notifications/BumpNotificationView.swift,
				Notifications/NotificationSettingsView.swift,
				"Preview Content/Preview Assets.xcassets",
				Resources/Assets.xcassets,
				Services/AuthenticationManager.swift,
				Services/BLEManager.swift,
				Services/BumpLocationManager.swift,
				Services/BusinessBumpManager.swift,
				Utils/Constants/BumpifyColors.swift,
				Utils/Constants/BumpifyFonts.swift,
				"Utils/Extensions/Color+Bumpify.swift",
				Views/Authentication/BumpifySplashView.swift,
				Views/Authentication/LoginView.swift,
				Views/Authentication/ModernOnboardingView.swift,
				Views/Authentication/ModernProfileSetupView.swift,
				Views/Authentication/OnboardingWelcomeView.swift,
				Views/Authentication/PerfectLoginView.swift,
				Views/Authentication/SignUpView.swift,
				Views/BusinessBumps/BusinessBumpDetailView.swift,
				Views/Chat/ChatDetailView.swift,
				Views/Main/BumpView.swift,
				Views/Main/HomeView.swift,
				Views/Main/MessagesView.swift,
				Views/Main/ProfileView.swift,
				Views/Map/CreateHotspotView.swift,
				Views/Map/HotspotDetailView.swift,
				Views/Map/MapFiltersView.swift,
				Views/Map/MapView.swift,
				Views/Match/BumpMatchOverlay.swift,
				Views/Match/BumpMatchView.swift,
				Views/Match/BumpRequestOverlay.swift,
				Views/Profile/EditProfileView.swift,
				Views/Profile/PremiumView.swift,
				Views/Profile/SettingsView.swift,
			);
			target = 57450B822DE7C9CE005CDBCA /* bumpify */;
		};
		57450C5D2DE8AE7D005CDBCA /* Exceptions for "bumpify" folder in "bumpifyTests" target */ = {
			isa = PBXFileSystemSynchronizedBuildFileExceptionSet;
			membershipExceptions = (
				BumpifyApp.swift,
				ContentView.swift,
				Notifications/BumpNotificationView.swift,
				Notifications/NotificationSettingsView.swift,
				"Preview Content/Preview Assets.xcassets",
				Resources/Assets.xcassets,
				Resources/Info.plist,
				Services/AuthenticationManager.swift,
				Services/BLEManager.swift,
				Services/BumpLocationManager.swift,
				Services/BusinessBumpManager.swift,
				Views/Authentication/BumpifySplashView.swift,
				Views/Authentication/LoginView.swift,
				Views/Authentication/ModernOnboardingView.swift,
				Views/Authentication/ModernProfileSetupView.swift,
				Views/Authentication/OnboardingWelcomeView.swift,
				Views/Authentication/PerfectLoginView.swift,
				Views/Authentication/SignUpView.swift,
				Views/Chat/ChatDetailView.swift,
				Views/Main/BumpView.swift,
				Views/Main/HomeView.swift,
				Views/Main/MessagesView.swift,
				Views/Main/ProfileView.swift,
				Views/Map/CreateHotspotView.swift,
				Views/Map/HotspotDetailView.swift,
				Views/Map/MapFiltersView.swift,
				Views/Map/MapView.swift,
				Views/Profile/EditProfileView.swift,
				Views/Profile/PremiumView.swift,
				Views/Profile/SettingsView.swift,
			);
			target = 57450B922DE7C9CF005CDBCA /* bumpifyTests */;
		};
/* End PBXFileSystemSynchronizedBuildFileExceptionSet section */

/* Begin PBXFileSystemSynchronizedRootGroup section */
		57450B962DE7C9CF005CDBCA /* bumpifyTests */ = {
			isa = PBXFileSystemSynchronizedRootGroup;
			path = bumpifyTests;
			sourceTree = "<group>";
		};
		57450BA02DE7C9CF005CDBCA /* bumpifyUITests */ = {
			isa = PBXFileSystemSynchronizedRootGroup;
			path = bumpifyUITests;
			sourceTree = "<group>";
		};
		57450C442DE8AE7C005CDBCA /* bumpify */ = {
			isa = PBXFileSystemSynchronizedRootGroup;
			exceptions = (
				57450C5C2DE8AE7D005CDBCA /* Exceptions for "bumpify" folder in "bumpify" target */,
				57450C5D2DE8AE7D005CDBCA /* Exceptions for "bumpify" folder in "bumpifyTests" target */,
			);
			path = bumpify;
			sourceTree = "<group>";
		};
/* End PBXFileSystemSynchronizedRootGroup section */

/* Begin PBXFrameworksBuildPhase section */
		57450B802DE7C9CE005CDBCA /* Frameworks */ = {
			isa = PBXFrameworksBuildPhase;
			buildActionMask = 2147483647;
			files = (
				57450BB62DE7CE51005CDBCA /* CoreLocation.framework in Frameworks */,
				57450BB82DE7CE5F005CDBCA /* MapKit.framework in Frameworks */,
				57450BB42DE7CE3C005CDBCA /* CoreBluetooth.framework in Frameworks */,
			);
			runOnlyForDeploymentPostprocessing = 0;
		};
		57450B902DE7C9CF005CDBCA /* Frameworks */ = {
			isa = PBXFrameworksBuildPhase;
			buildActionMask = 2147483647;
			files = (
			);
			runOnlyForDeploymentPostprocessing = 0;
		};
		57450B9A2DE7C9CF005CDBCA /* Frameworks */ = {
			isa = PBXFrameworksBuildPhase;
			buildActionMask = 2147483647;
			files = (
			);
			runOnlyForDeploymentPostprocessing = 0;
		};
/* End PBXFrameworksBuildPhase section */

/* Begin PBXGroup section */
		57450B7A2DE7C9CE005CDBCA = {
			isa = PBXGroup;
			children = (
				57450C442DE8AE7C005CDBCA /* bumpify */,
				57450B962DE7C9CF005CDBCA /* bumpifyTests */,
				57450BA02DE7C9CF005CDBCA /* bumpifyUITests */,
				57450BB22DE7CE3C005CDBCA /* Frameworks */,
				57450B842DE7C9CE005CDBCA /* Products */,
			);
			sourceTree = "<group>";
		};
		57450B842DE7C9CE005CDBCA /* Products */ = {
			isa = PBXGroup;
			children = (
				57450B832DE7C9CE005CDBCA /* bumpify.app */,
				57450B932DE7C9CF005CDBCA /* bumpifyTests.xctest */,
				57450B9D2DE7C9CF005CDBCA /* bumpifyUITests.xctest */,
			);
			name = Products;
			sourceTree = "<group>";
		};
		57450BB22DE7CE3C005CDBCA /* Frameworks */ = {
			isa = PBXGroup;
			children = (
				57450BB72DE7CE5F005CDBCA /* MapKit.framework */,
				57450BB52DE7CE51005CDBCA /* CoreLocation.framework */,
				57450BB32DE7CE3C005CDBCA /* CoreBluetooth.framework */,
			);
			name = Frameworks;
			sourceTree = "<group>";
		};
/* End PBXGroup section */

/* Begin PBXNativeTarget section */
		57450B822DE7C9CE005CDBCA /* bumpify */ = {
			isa = PBXNativeTarget;
			buildConfigurationList = 57450BA72DE7C9CF005CDBCA /* Build configuration list for PBXNativeTarget "bumpify" */;
			buildPhases = (
				57450B7F2DE7C9CE005CDBCA /* Sources */,
				57450B802DE7C9CE005CDBCA /* Frameworks */,
				57450B812DE7C9CE005CDBCA /* Resources */,
			);
			buildRules = (
			);
			dependencies = (
			);
			name = bumpify;
			packageProductDependencies = (
			);
			productName = bumpify;
			productReference = 57450B832DE7C9CE005CDBCA /* bumpify.app */;
			productType = "com.apple.product-type.application";
		};
		57450B922DE7C9CF005CDBCA /* bumpifyTests */ = {
			isa = PBXNativeTarget;
			buildConfigurationList = 57450BAA2DE7C9CF005CDBCA /* Build configuration list for PBXNativeTarget "bumpifyTests" */;
			buildPhases = (
				57450B8F2DE7C9CF005CDBCA /* Sources */,
				57450B902DE7C9CF005CDBCA /* Frameworks */,
				57450B912DE7C9CF005CDBCA /* Resources */,
			);
			buildRules = (
			);
			dependencies = (
				57450B952DE7C9CF005CDBCA /* PBXTargetDependency */,
			);
			fileSystemSynchronizedGroups = (
				57450B962DE7C9CF005CDBCA /* bumpifyTests */,
				57450C442DE8AE7C005CDBCA /* bumpify */,
			);
			name = bumpifyTests;
			packageProductDependencies = (
			);
			productName = bumpifyTests;
			productReference = 57450B932DE7C9CF005CDBCA /* bumpifyTests.xctest */;
			productType = "com.apple.product-type.bundle.unit-test";
		};
		57450B9C2DE7C9CF005CDBCA /* bumpifyUITests */ = {
			isa = PBXNativeTarget;
			buildConfigurationList = 57450BAD2DE7C9CF005CDBCA /* Build configuration list for PBXNativeTarget "bumpifyUITests" */;
			buildPhases = (
				57450B992DE7C9CF005CDBCA /* Sources */,
				57450B9A2DE7C9CF005CDBCA /* Frameworks */,
				57450B9B2DE7C9CF005CDBCA /* Resources */,
			);
			buildRules = (
			);
			dependencies = (
				57450B9F2DE7C9CF005CDBCA /* PBXTargetDependency */,
			);
			fileSystemSynchronizedGroups = (
				57450BA02DE7C9CF005CDBCA /* bumpifyUITests */,
			);
			name = bumpifyUITests;
			packageProductDependencies = (
			);
			productName = bumpifyUITests;
			productReference = 57450B9D2DE7C9CF005CDBCA /* bumpifyUITests.xctest */;
			productType = "com.apple.product-type.bundle.ui-testing";
		};
/* End PBXNativeTarget section */

/* Begin PBXProject section */
		57450B7B2DE7C9CE005CDBCA /* Project object */ = {
			isa = PBXProject;
			attributes = {
				BuildIndependentTargetsInParallel = 1;
				LastSwiftUpdateCheck = 1620;
				LastUpgradeCheck = 1620;
				TargetAttributes = {
					57450B822DE7C9CE005CDBCA = {
						CreatedOnToolsVersion = 16.2;
					};
					57450B922DE7C9CF005CDBCA = {
						CreatedOnToolsVersion = 16.2;
						TestTargetID = 57450B822DE7C9CE005CDBCA;
					};
					57450B9C2DE7C9CF005CDBCA = {
						CreatedOnToolsVersion = 16.2;
						TestTargetID = 57450B822DE7C9CE005CDBCA;
					};
				};
			};
			buildConfigurationList = 57450B7E2DE7C9CE005CDBCA /* Build configuration list for PBXProject "bumpify" */;
			developmentRegion = en;
			hasScannedForEncodings = 0;
			knownRegions = (
				en,
				Base,
			);
			mainGroup = 57450B7A2DE7C9CE005CDBCA;
			minimizedProjectReferenceProxies = 1;
			preferredProjectObjectVersion = 77;
			productRefGroup = 57450B842DE7C9CE005CDBCA /* Products */;
			projectDirPath = "";
			projectRoot = "";
			targets = (
				57450B822DE7C9CE005CDBCA /* bumpify */,
				57450B922DE7C9CF005CDBCA /* bumpifyTests */,
				57450B9C2DE7C9CF005CDBCA /* bumpifyUITests */,
			);
		};
/* End PBXProject section */

/* Begin PBXResourcesBuildPhase section */
		57450B812DE7C9CE005CDBCA /* Resources */ = {
			isa = PBXResourcesBuildPhase;
			buildActionMask = 2147483647;
			files = (
			);
			runOnlyForDeploymentPostprocessing = 0;
		};
		57450B912DE7C9CF005CDBCA /* Resources */ = {
			isa = PBXResourcesBuildPhase;
			buildActionMask = 2147483647;
			files = (
			);
			runOnlyForDeploymentPostprocessing = 0;
		};
		57450B9B2DE7C9CF005CDBCA /* Resources */ = {
			isa = PBXResourcesBuildPhase;
			buildActionMask = 2147483647;
			files = (
			);
			runOnlyForDeploymentPostprocessing = 0;
		};
/* End PBXResourcesBuildPhase section */

/* Begin PBXSourcesBuildPhase section */
		57450B7F2DE7C9CE005CDBCA /* Sources */ = {
			isa = PBXSourcesBuildPhase;
			buildActionMask = 2147483647;
			files = (
			);
			runOnlyForDeploymentPostprocessing = 0;
		};
		57450B8F2DE7C9CF005CDBCA /* Sources */ = {
			isa = PBXSourcesBuildPhase;
			buildActionMask = 2147483647;
			files = (
			);
			runOnlyForDeploymentPostprocessing = 0;
		};
		57450B992DE7C9CF005CDBCA /* Sources */ = {
			isa = PBXSourcesBuildPhase;
			buildActionMask = 2147483647;
			files = (
			);
			runOnlyForDeploymentPostprocessing = 0;
		};
/* End PBXSourcesBuildPhase section */

/* Begin PBXTargetDependency section */
		57450B952DE7C9CF005CDBCA /* PBXTargetDependency */ = {
			isa = PBXTargetDependency;
			target = 57450B822DE7C9CE005CDBCA /* bumpify */;
			targetProxy = 57450B942DE7C9CF005CDBCA /* PBXContainerItemProxy */;
		};
		57450B9F2DE7C9CF005CDBCA /* PBXTargetDependency */ = {
			isa = PBXTargetDependency;
			target = 57450B822DE7C9CE005CDBCA /* bumpify */;
			targetProxy = 57450B9E2DE7C9CF005CDBCA /* PBXContainerItemProxy */;
		};
/* End PBXTargetDependency section */

/* Begin XCBuildConfiguration section */
		57450BA52DE7C9CF005CDBCA /* Debug */ = {
			isa = XCBuildConfiguration;
			buildSettings = {
				ALWAYS_SEARCH_USER_PATHS = NO;
				ASSETCATALOG_COMPILER_GENERATE_SWIFT_ASSET_SYMBOL_EXTENSIONS = YES;
				CLANG_ANALYZER_NONNULL = YES;
				CLANG_ANALYZER_NUMBER_OBJECT_CONVERSION = YES_AGGRESSIVE;
				CLANG_CXX_LANGUAGE_STANDARD = "gnu++20";
				CLANG_ENABLE_MODULES = YES;
				CLANG_ENABLE_OBJC_ARC = YES;
				CLANG_ENABLE_OBJC_WEAK = YES;
				CLANG_WARN_BLOCK_CAPTURE_AUTORELEASING = YES;
				CLANG_WARN_BOOL_CONVERSION = YES;
				CLANG_WARN_COMMA = YES;
				CLANG_WARN_CONSTANT_CONVERSION = YES;
				CLANG_WARN_DEPRECATED_OBJC_IMPLEMENTATIONS = YES;
				CLANG_WARN_DIRECT_OBJC_ISA_USAGE = YES_ERROR;
				CLANG_WARN_DOCUMENTATION_COMMENTS = YES;
				CLANG_WARN_EMPTY_BODY = YES;
				CLANG_WARN_ENUM_CONVERSION = YES;
				CLANG_WARN_INFINITE_RECURSION = YES;
				CLANG_WARN_INT_CONVERSION = YES;
				CLANG_WARN_NON_LITERAL_NULL_CONVERSION = YES;
				CLANG_WARN_OBJC_IMPLICIT_RETAIN_SELF = YES;
				CLANG_WARN_OBJC_LITERAL_CONVERSION = YES;
				CLANG_WARN_OBJC_ROOT_CLASS = YES_ERROR;
				CLANG_WARN_QUOTED_INCLUDE_IN_FRAMEWORK_HEADER = YES;
				CLANG_WARN_RANGE_LOOP_ANALYSIS = YES;
				CLANG_WARN_STRICT_PROTOTYPES = YES;
				CLANG_WARN_SUSPICIOUS_MOVE = YES;
				CLANG_WARN_UNGUARDED_AVAILABILITY = YES_AGGRESSIVE;
				CLANG_WARN_UNREACHABLE_CODE = YES;
				CLANG_WARN__DUPLICATE_METHOD_MATCH = YES;
				COPY_PHASE_STRIP = NO;
				DEBUG_INFORMATION_FORMAT = dwarf;
				ENABLE_STRICT_OBJC_MSGSEND = YES;
				ENABLE_TESTABILITY = YES;
				ENABLE_USER_SCRIPT_SANDBOXING = YES;
				GCC_C_LANGUAGE_STANDARD = gnu17;
				GCC_DYNAMIC_NO_PIC = NO;
				GCC_NO_COMMON_BLOCKS = YES;
				GCC_OPTIMIZATION_LEVEL = 0;
				GCC_PREPROCESSOR_DEFINITIONS = (
					"DEBUG=1",
					"$(inherited)",
				);
				GCC_WARN_64_TO_32_BIT_CONVERSION = YES;
				GCC_WARN_ABOUT_RETURN_TYPE = YES_ERROR;
				GCC_WARN_UNDECLARED_SELECTOR = YES;
				GCC_WARN_UNINITIALIZED_AUTOS = YES_AGGRESSIVE;
				GCC_WARN_UNUSED_FUNCTION = YES;
				GCC_WARN_UNUSED_VARIABLE = YES;
				IPHONEOS_DEPLOYMENT_TARGET = 18.2;
				LOCALIZATION_PREFERS_STRING_CATALOGS = YES;
				MTL_ENABLE_DEBUG_INFO = INCLUDE_SOURCE;
				MTL_FAST_MATH = YES;
				ONLY_ACTIVE_ARCH = YES;
				SDKROOT = iphoneos;
				SWIFT_ACTIVE_COMPILATION_CONDITIONS = "DEBUG $(inherited)";
				SWIFT_OPTIMIZATION_LEVEL = "-Onone";
			};
			name = Debug;
		};
		57450BA62DE7C9CF005CDBCA /* Release */ = {
			isa = XCBuildConfiguration;
			buildSettings = {
				ALWAYS_SEARCH_USER_PATHS = NO;
				ASSETCATALOG_COMPILER_GENERATE_SWIFT_ASSET_SYMBOL_EXTENSIONS = YES;
				CLANG_ANALYZER_NONNULL = YES;
				CLANG_ANALYZER_NUMBER_OBJECT_CONVERSION = YES_AGGRESSIVE;
				CLANG_CXX_LANGUAGE_STANDARD = "gnu++20";
				CLANG_ENABLE_MODULES = YES;
				CLANG_ENABLE_OBJC_ARC = YES;
				CLANG_ENABLE_OBJC_WEAK = YES;
				CLANG_WARN_BLOCK_CAPTURE_AUTORELEASING = YES;
				CLANG_WARN_BOOL_CONVERSION = YES;
				CLANG_WARN_COMMA = YES;
				CLANG_WARN_CONSTANT_CONVERSION = YES;
				CLANG_WARN_DEPRECATED_OBJC_IMPLEMENTATIONS = YES;
				CLANG_WARN_DIRECT_OBJC_ISA_USAGE = YES_ERROR;
				CLANG_WARN_DOCUMENTATION_COMMENTS = YES;
				CLANG_WARN_EMPTY_BODY = YES;
				CLANG_WARN_ENUM_CONVERSION = YES;
				CLANG_WARN_INFINITE_RECURSION = YES;
				CLANG_WARN_INT_CONVERSION = YES;
				CLANG_WARN_NON_LITERAL_NULL_CONVERSION = YES;
				CLANG_WARN_OBJC_IMPLICIT_RETAIN_SELF = YES;
				CLANG_WARN_OBJC_LITERAL_CONVERSION = YES;
				CLANG_WARN_OBJC_ROOT_CLASS = YES_ERROR;
				CLANG_WARN_QUOTED_INCLUDE_IN_FRAMEWORK_HEADER = YES;
				CLANG_WARN_RANGE_LOOP_ANALYSIS = YES;
				CLANG_WARN_STRICT_PROTOTYPES = YES;
				CLANG_WARN_SUSPICIOUS_MOVE = YES;
				CLANG_WARN_UNGUARDED_AVAILABILITY = YES_AGGRESSIVE;
				CLANG_WARN_UNREACHABLE_CODE = YES;
				CLANG_WARN__DUPLICATE_METHOD_MATCH = YES;
				COPY_PHASE_STRIP = NO;
				DEBUG_INFORMATION_FORMAT = "dwarf-with-dsym";
				ENABLE_NS_ASSERTIONS = NO;
				ENABLE_STRICT_OBJC_MSGSEND = YES;
				ENABLE_USER_SCRIPT_SANDBOXING = YES;
				GCC_C_LANGUAGE_STANDARD = gnu17;
				GCC_NO_COMMON_BLOCKS = YES;
				GCC_WARN_64_TO_32_BIT_CONVERSION = YES;
				GCC_WARN_ABOUT_RETURN_TYPE = YES_ERROR;
				GCC_WARN_UNDECLARED_SELECTOR = YES;
				GCC_WARN_UNINITIALIZED_AUTOS = YES_AGGRESSIVE;
				GCC_WARN_UNUSED_FUNCTION = YES;
				GCC_WARN_UNUSED_VARIABLE = YES;
				IPHONEOS_DEPLOYMENT_TARGET = 18.2;
				LOCALIZATION_PREFERS_STRING_CATALOGS = YES;
				MTL_ENABLE_DEBUG_INFO = NO;
				MTL_FAST_MATH = YES;
				SDKROOT = iphoneos;
				SWIFT_COMPILATION_MODE = wholemodule;
				VALIDATE_PRODUCT = YES;
			};
			name = Release;
		};
		57450BA82DE7C9CF005CDBCA /* Debug */ = {
			isa = XCBuildConfiguration;
			buildSettings = {
				ASSETCATALOG_COMPILER_APPICON_NAME = AppIcon;
				ASSETCATALOG_COMPILER_GLOBAL_ACCENT_COLOR_NAME = AccentColor;
				CODE_SIGN_STYLE = Automatic;
				CURRENT_PROJECT_VERSION = 1;
				DEVELOPMENT_ASSET_PATHS = "\"bumpify/Preview Content\"";
				DEVELOPMENT_TEAM = 2FNT3NPNHD;
				ENABLE_PREVIEWS = YES;
				GENERATE_INFOPLIST_FILE = YES;
				INFOPLIST_FILE = bumpify/Info.plist;
				INFOPLIST_KEY_CFBundleDisplayName = Bumpify;
				INFOPLIST_KEY_LSApplicationCategoryType = "Bumpify nutzt Bluetooth, um andere Nutzer in der Nähe zu finden.";
				INFOPLIST_KEY_NSBluetoothAlwaysUsageDescription = "Bumpify nutzt Bluetooth, um andere Nutzer in der Nähe zu finden.";
				INFOPLIST_KEY_NSBluetoothPeripheralUsageDescription = "Bumpify sendet Bluetooth-Signale, damit andere dich finden können.\n\n\n";
				INFOPLIST_KEY_NSLocationAlwaysAndWhenInUseUsageDescription = "Bumpify nutzt deinen Standort für Begegnungen auch im Hintergrund";
				INFOPLIST_KEY_UIApplicationSceneManifest_Generation = YES;
				INFOPLIST_KEY_UIApplicationSupportsIndirectInputEvents = YES;
				INFOPLIST_KEY_UILaunchScreen_Generation = YES;
				INFOPLIST_KEY_UISupportedInterfaceOrientations_iPad = "UIInterfaceOrientationPortrait UIInterfaceOrientationPortraitUpsideDown UIInterfaceOrientationLandscapeLeft UIInterfaceOrientationLandscapeRight";
				INFOPLIST_KEY_UISupportedInterfaceOrientations_iPhone = "UIInterfaceOrientationPortrait UIInterfaceOrientationLandscapeLeft UIInterfaceOrientationLandscapeRight";
				LD_RUNPATH_SEARCH_PATHS = (
					"$(inherited)",
					"@executable_path/Frameworks",
				);
				MARKETING_VERSION = 1.0;
				PRODUCT_BUNDLE_IDENTIFIER = com.bumpify.bumpify.bumpify;
				PRODUCT_NAME = "$(TARGET_NAME)";
				SWIFT_EMIT_LOC_STRINGS = YES;
				SWIFT_VERSION = 5.0;
				TARGETED_DEVICE_FAMILY = "1,2";
			};
			name = Debug;
		};
		57450BA92DE7C9CF005CDBCA /* Release */ = {
			isa = XCBuildConfiguration;
			buildSettings = {
				ASSETCATALOG_COMPILER_APPICON_NAME = AppIcon;
				ASSETCATALOG_COMPILER_GLOBAL_ACCENT_COLOR_NAME = AccentColor;
				CODE_SIGN_STYLE = Automatic;
				CURRENT_PROJECT_VERSION = 1;
				DEVELOPMENT_ASSET_PATHS = "\"bumpify/Preview Content\"";
				DEVELOPMENT_TEAM = 2FNT3NPNHD;
				ENABLE_PREVIEWS = YES;
				GENERATE_INFOPLIST_FILE = YES;
				INFOPLIST_FILE = bumpify/Info.plist;
				INFOPLIST_KEY_CFBundleDisplayName = Bumpify;
				INFOPLIST_KEY_LSApplicationCategoryType = "Bumpify nutzt Bluetooth, um andere Nutzer in der Nähe zu finden.";
				INFOPLIST_KEY_NSBluetoothAlwaysUsageDescription = "Bumpify nutzt Bluetooth, um andere Nutzer in der Nähe zu finden.";
				INFOPLIST_KEY_NSBluetoothPeripheralUsageDescription = "Bumpify sendet Bluetooth-Signale, damit andere dich finden können.\n\n\n";
				INFOPLIST_KEY_NSLocationAlwaysAndWhenInUseUsageDescription = "Bumpify nutzt deinen Standort für Begegnungen auch im Hintergrund";
				INFOPLIST_KEY_UIApplicationSceneManifest_Generation = YES;
				INFOPLIST_KEY_UIApplicationSupportsIndirectInputEvents = YES;
				INFOPLIST_KEY_UILaunchScreen_Generation = YES;
				INFOPLIST_KEY_UISupportedInterfaceOrientations_iPad = "UIInterfaceOrientationPortrait UIInterfaceOrientationPortraitUpsideDown UIInterfaceOrientationLandscapeLeft UIInterfaceOrientationLandscapeRight";
				INFOPLIST_KEY_UISupportedInterfaceOrientations_iPhone = "UIInterfaceOrientationPortrait UIInterfaceOrientationLandscapeLeft UIInterfaceOrientationLandscapeRight";
				LD_RUNPATH_SEARCH_PATHS = (
					"$(inherited)",
					"@executable_path/Frameworks",
				);
				MARKETING_VERSION = 1.0;
				PRODUCT_BUNDLE_IDENTIFIER = com.bumpify.bumpify.bumpify;
				PRODUCT_NAME = "$(TARGET_NAME)";
				SWIFT_EMIT_LOC_STRINGS = YES;
				SWIFT_VERSION = 5.0;
				TARGETED_DEVICE_FAMILY = "1,2";
			};
			name = Release;
		};
		57450BAB2DE7C9CF005CDBCA /* Debug */ = {
			isa = XCBuildConfiguration;
			buildSettings = {
				BUNDLE_LOADER = "$(TEST_HOST)";
				CODE_SIGN_STYLE = Automatic;
				CURRENT_PROJECT_VERSION = 1;
				GENERATE_INFOPLIST_FILE = YES;
				IPHONEOS_DEPLOYMENT_TARGET = 18.2;
				MARKETING_VERSION = 1.0;
				PRODUCT_BUNDLE_IDENTIFIER = com.bumpify.bumpify.bumpifyTests;
				PRODUCT_NAME = "$(TARGET_NAME)";
				SWIFT_EMIT_LOC_STRINGS = NO;
				SWIFT_VERSION = 5.0;
				TARGETED_DEVICE_FAMILY = "1,2";
				TEST_HOST = "$(BUILT_PRODUCTS_DIR)/bumpify.app/$(BUNDLE_EXECUTABLE_FOLDER_PATH)/bumpify";
			};
			name = Debug;
		};
		57450BAC2DE7C9CF005CDBCA /* Release */ = {
			isa = XCBuildConfiguration;
			buildSettings = {
				BUNDLE_LOADER = "$(TEST_HOST)";
				CODE_SIGN_STYLE = Automatic;
				CURRENT_PROJECT_VERSION = 1;
				GENERATE_INFOPLIST_FILE = YES;
				IPHONEOS_DEPLOYMENT_TARGET = 18.2;
				MARKETING_VERSION = 1.0;
				PRODUCT_BUNDLE_IDENTIFIER = com.bumpify.bumpify.bumpifyTests;
				PRODUCT_NAME = "$(TARGET_NAME)";
				SWIFT_EMIT_LOC_STRINGS = NO;
				SWIFT_VERSION = 5.0;
				TARGETED_DEVICE_FAMILY = "1,2";
				TEST_HOST = "$(BUILT_PRODUCTS_DIR)/bumpify.app/$(BUNDLE_EXECUTABLE_FOLDER_PATH)/bumpify";
			};
			name = Release;
		};
		57450BAE2DE7C9CF005CDBCA /* Debug */ = {
			isa = XCBuildConfiguration;
			buildSettings = {
				CODE_SIGN_STYLE = Automatic;
				CURRENT_PROJECT_VERSION = 1;
				GENERATE_INFOPLIST_FILE = YES;
				MARKETING_VERSION = 1.0;
				PRODUCT_BUNDLE_IDENTIFIER = com.bumpify.bumpify.bumpifyUITests;
				PRODUCT_NAME = "$(TARGET_NAME)";
				SWIFT_EMIT_LOC_STRINGS = NO;
				SWIFT_VERSION = 5.0;
				TARGETED_DEVICE_FAMILY = "1,2";
				TEST_TARGET_NAME = bumpify;
			};
			name = Debug;
		};
		57450BAF2DE7C9CF005CDBCA /* Release */ = {
			isa = XCBuildConfiguration;
			buildSettings = {
				CODE_SIGN_STYLE = Automatic;
				CURRENT_PROJECT_VERSION = 1;
				GENERATE_INFOPLIST_FILE = YES;
				MARKETING_VERSION = 1.0;
				PRODUCT_BUNDLE_IDENTIFIER = com.bumpify.bumpify.bumpifyUITests;
				PRODUCT_NAME = "$(TARGET_NAME)";
				SWIFT_EMIT_LOC_STRINGS = NO;
				SWIFT_VERSION = 5.0;
				TARGETED_DEVICE_FAMILY = "1,2";
				TEST_TARGET_NAME = bumpify;
			};
			name = Release;
		};
/* End XCBuildConfiguration section */

/* Begin XCConfigurationList section */
		57450B7E2DE7C9CE005CDBCA /* Build configuration list for PBXProject "bumpify" */ = {
			isa = XCConfigurationList;
			buildConfigurations = (
				57450BA52DE7C9CF005CDBCA /* Debug */,
				57450BA62DE7C9CF005CDBCA /* Release */,
			);
			defaultConfigurationIsVisible = 0;
			defaultConfigurationName = Release;
		};
		57450BA72DE7C9CF005CDBCA /* Build configuration list for PBXNativeTarget "bumpify" */ = {
			isa = XCConfigurationList;
			buildConfigurations = (
				57450BA82DE7C9CF005CDBCA /* Debug */,
				57450BA92DE7C9CF005CDBCA /* Release */,
			);
			defaultConfigurationIsVisible = 0;
			defaultConfigurationName = Release;
		};
		57450BAA2DE7C9CF005CDBCA /* Build configuration list for PBXNativeTarget "bumpifyTests" */ = {
			isa = XCConfigurationList;
			buildConfigurations = (
				57450BAB2DE7C9CF005CDBCA /* Debug */,
				57450BAC2DE7C9CF005CDBCA /* Release */,
			);
			defaultConfigurationIsVisible = 0;
			defaultConfigurationName = Release;
		};
		57450BAD2DE7C9CF005CDBCA /* Build configuration list for PBXNativeTarget "bumpifyUITests" */ = {
			isa = XCConfigurationList;
			buildConfigurations = (
				57450BAE2DE7C9CF005CDBCA /* Debug */,
				57450BAF2DE7C9CF005CDBCA /* Release */,
			);
			defaultConfigurationIsVisible = 0;
			defaultConfigurationName = Release;
		};
/* End XCConfigurationList section */
	};
	rootObject = 57450B7B2DE7C9CE005CDBCA /* Project object */;
}
